
Microsoft Visual Studio Solution File, Format Version 12.00
# Visual Studio Version 17
VisualStudioVersion = 17.1.32414.318
MinimumVisualStudioVersion = 10.0.40219.1
Project("{9A19103F-16F7-4668-BE54-9A1E7A4F7556}") = "TeamsBotonProject", "TeamsBotonProject\TeamsBotonProject.csproj", "{BBDD4754-492C-47BE-AA38-08E21D20F0B4}"
EndProject
Project("{54435603-DBB4-11D2-8724-00A0C9A8B90C}") = "TeamsBotonInstaller", "TeamsBotonInstaller\TeamsBotonInstaller.vdproj", "{1CE5E2C0-ED6C-4505-A934-553397B0E907}"
EndProject
Global
	GlobalSection(SolutionConfigurationPlatforms) = preSolution
		Debug|Any CPU = Debug|Any CPU
		Release|Any CPU = Release|Any CPU
	EndGlobalSection
	GlobalSection(ProjectConfigurationPlatforms) = postSolution
		{BBDD4754-492C-47BE-AA38-08E21D20F0B4}.Debug|Any CPU.ActiveCfg = Debug|Any CPU
		{BBDD4754-492C-47BE-AA38-08E21D20F0B4}.Debug|Any CPU.Build.0 = Debug|Any CPU
		{BBDD4754-492C-47BE-AA38-08E21D20F0B4}.Release|Any CPU.ActiveCfg = Release|Any CPU
		{BBDD4754-492C-47BE-AA38-08E21D20F0B4}.Release|Any CPU.Build.0 = Release|Any CPU
		{1CE5E2C0-ED6C-4505-A934-553397B0E907}.Debug|Any CPU.ActiveCfg = Debug
		{1CE5E2C0-ED6C-4505-A934-553397B0E907}.Release|Any CPU.ActiveCfg = Release
	EndGlobalSection
	GlobalSection(SolutionProperties) = preSolution
		HideSolutionNode = FALSE
	EndGlobalSection
	GlobalSection(ExtensibilityGlobals) = postSolution
		SolutionGuid = {3D59AD99-7826-433B-B14B-E2C030762C03}
	EndGlobalSection
EndGlobal
